
Microsoft Visual Studio Solution File, Format Version 12.00
# Visual Studio 15
VisualStudioVersion = 15.0.34112.143
MinimumVisualStudioVersion = 10.0.40219.1
Project("{FAE04EC0-301F-11D3-BF4B-00C04F79EFBC}") = "TcpClient", "TcpClient.csproj", "{2573AFC6-511A-4235-AC5E-24EA423D5390}"
EndProject
Global
	GlobalSection(SolutionConfigurationPlatforms) = preSolution
		Debug|Any CPU = Debug|Any CPU
		Release|Any CPU = Release|Any CPU
	EndGlobalSection
	GlobalSection(ProjectConfigurationPlatforms) = postSolution
		{2573AFC6-511A-4235-AC5E-24EA423D5390}.Debug|Any CPU.ActiveCfg = Debug|Any CPU
		{2573AFC6-511A-4235-AC5E-24EA423D5390}.Debug|Any CPU.Build.0 = Debug|Any CPU
		{2573AFC6-511A-4235-AC5E-24EA423D5390}.Release|Any CPU.ActiveCfg = Release|Any CPU
		{2573AFC6-511A-4235-AC5E-24EA423D5390}.Release|Any CPU.Build.0 = Release|Any CPU
	EndGlobalSection
	GlobalSection(SolutionProperties) = preSolution
		HideSolutionNode = FALSE
	EndGlobalSection
	GlobalSection(ExtensibilityGlobals) = postSolution
		SolutionGuid = {F3FDAE6F-0C58-49A9-9BAB-E7AAC0832BBB}
	EndGlobalSection
EndGlobal
